// !$*UTF8*$!
{
	archiveVersion = 1;
	classes = {
	};
	objectVersion = 46;
	objects = {

/* Begin PBXBuildFile section */
		2775E2E21E9D50E200D73E75 /* AppDelegate.swift in Sources */ = {isa = PBXBuildFile; fileRef = 2775E2E11E9D50E200D73E75 /* AppDelegate.swift */; };
		2775E2E41E9D50E200D73E75 /* ViewController.swift in Sources */ = {isa = PBXBuildFile; fileRef = 2775E2E31E9D50E200D73E75 /* ViewController.swift */; };
		2775E2E71E9D50E200D73E75 /* Main.storyboard in Resources */ = {isa = PBXBuildFile; fileRef = 2775E2E51E9D50E200D73E75 /* Main.storyboard */; };
		2775E2E91E9D50E200D73E75 /* Assets.xcassets in Resources */ = {isa = PBXBuildFile; fileRef = 2775E2E81E9D50E200D73E75 /* Assets.xcassets */; };
		2775E2EC1E9D50E200D73E75 /* LaunchScreen.storyboard in Resources */ = {isa = PBXBuildFile; fileRef = 2775E2EA1E9D50E200D73E75 /* LaunchScreen.storyboard */; };
		278E1A8A1E9E27DB003CFA36 /* level1.txt in Resources */ = {isa = PBXBuildFile; fileRef = 278E1A881E9E27DB003CFA36 /* level1.txt */; };
		278E1A8B1E9E27DB003CFA36 /* level2.txt in Resources */ = {isa = PBXBuildFile; fileRef = 278E1A891E9E27DB003CFA36 /* level2.txt */; };
/* End PBXBuildFile section */

/* Begin PBXFileReference section */
		2775E2DE1E9D50E200D73E75 /* Project8.app */ = {isa = PBXFileReference; explicitFileType = wrapper.application; includeInIndex = 0; path = Project8.app; sourceTree = BUILT_PRODUCTS_DIR; };
		2775E2E11E9D50E200D73E75 /* AppDelegate.swift */ = {isa = PBXFileReference; lastKnownFileType = sourcecode.swift; path = AppDelegate.swift; sourceTree = "<group>"; };
		2775E2E31E9D50E200D73E75 /* ViewController.swift */ = {isa = PBXFileReference; lastKnownFileType = sourcecode.swift; path = ViewController.swift; sourceTree = "<group>"; };
		2775E2E61E9D50E200D73E75 /* Base */ = {isa = PBXFileReference; lastKnownFileType = file.storyboard; name = Base; path = Base.lproj/Main.storyboard; sourceTree = "<group>"; };
		2775E2E81E9D50E200D73E75 /* Assets.xcassets */ = {isa = PBXFileReference; lastKnownFileType = folder.assetcatalog; path = Assets.xcassets; sourceTree = "<group>"; };
		2775E2EB1E9D50E200D73E75 /* Base */ = {isa = PBXFileReference; lastKnownFileType = file.storyboard; name = Base; path = Base.lproj/LaunchScreen.storyboard; sourceTree = "<group>"; };
		2775E2ED1E9D50E200D73E75 /* Info.plist */ = {isa = PBXFileReference; lastKnownFileType = text.plist.xml; path = Info.plist; sourceTree = "<group>"; };
		278E1A881E9E27DB003CFA36 /* level1.txt */ = {isa = PBXFileReference; fileEncoding = 4; lastKnownFileType = text; path = level1.txt; sourceTree = "<group>"; };
		278E1A891E9E27DB003CFA36 /* level2.txt */ = {isa = PBXFileReference; fileEncoding = 4; lastKnownFileType = text; path = level2.txt; sourceTree = "<group>"; };
/* End PBXFileReference section */

/* Begin PBXFrameworksBuildPhase section */
		2775E2DB1E9D50E200D73E75 /* Frameworks */ = {
			isa = PBXFrameworksBuildPhase;
			buildActionMask = 2147483647;
			files = (
			);
			runOnlyForDeploymentPostprocessing = 0;
		};
/* End PBXFrameworksBuildPhase section */

/* Begin PBXGroup section */
		2775E2D51E9D50E200D73E75 = {
			isa = PBXGroup;
			children = (
				2775E2E01E9D50E200D73E75 /* Project8 */,
				2775E2DF1E9D50E200D73E75 /* Products */,
			);
			sourceTree = "<group>";
		};
		2775E2DF1E9D50E200D73E75 /* Products */ = {
			isa = PBXGroup;
			children = (
				2775E2DE1E9D50E200D73E75 /* Project8.app */,
			);
			name = Products;
			sourceTree = "<group>";
		};
		2775E2E01E9D50E200D73E75 /* Project8 */ = {
			isa = PBXGroup;
			children = (
				2775E2E11E9D50E200D73E75 /* AppDelegate.swift */,
				2775E2E31E9D50E200D73E75 /* ViewController.swift */,
				2775E2E51E9D50E200D73E75 /* Main.storyboard */,
				278E1A881E9E27DB003CFA36 /* level1.txt */,
				278E1A891E9E27DB003CFA36 /* level2.txt */,
				2775E2E81E9D50E200D73E75 /* Assets.xcassets */,
				2775E2EA1E9D50E200D73E75 /* LaunchScreen.storyboard */,
				2775E2ED1E9D50E200D73E75 /* Info.plist */,
			);
			path = Project8;
			sourceTree = "<group>";
		};
/* End PBXGroup section */

/* Begin PBXNativeTarget section */
		2775E2DD1E9D50E200D73E75 /* Project8 */ = {
			isa = PBXNativeTarget;
			buildConfigurationList = 2775E2F01E9D50E200D73E75 /* Build configuration list for PBXNativeTarget "Project8" */;
			buildPhases = (
				2775E2DA1E9D50E200D73E75 /* Sources */,
				2775E2DB1E9D50E200D73E75 /* Frameworks */,
				2775E2DC1E9D50E200D73E75 /* Resources */,
			);
			buildRules = (
			);
			dependencies = (
			);
			name = Project8;
			productName = Project8;
			productReference = 2775E2DE1E9D50E200D73E75 /* Project8.app */;
			productType = "com.apple.product-type.application";
		};
/* End PBXNativeTarget section */

/* Begin PBXProject section */
		2775E2D61E9D50E200D73E75 /* Project object */ = {
			isa = PBXProject;
			attributes = {
				LastSwiftUpdateCheck = 0830;
				LastUpgradeCheck = 0830;
				ORGANIZATIONNAME = "Chappy-App";
				TargetAttributes = {
					2775E2DD1E9D50E200D73E75 = {
						CreatedOnToolsVersion = 8.3;
						DevelopmentTeam = 4WU9L65MXB;
						ProvisioningStyle = Automatic;
					};
				};
			};
			buildConfigurationList = 2775E2D91E9D50E200D73E75 /* Build configuration list for PBXProject "Project8" */;
			compatibilityVersion = "Xcode 3.2";
			developmentRegion = English;
			hasScannedForEncodings = 0;
			knownRegions = (
				en,
				Base,
			);
			mainGroup = 2775E2D51E9D50E200D73E75;
			productRefGroup = 2775E2DF1E9D50E200D73E75 /* Products */;
			projectDirPath = "";
			projectRoot = "";
			targets = (
				2775E2DD1E9D50E200D73E75 /* Project8 */,
			);
		};
/* End PBXProject section */

/* Begin PBXResourcesBuildPhase section */
		2775E2DC1E9D50E200D73E75 /* Resources */ = {
			isa = PBXResourcesBuildPhase;
			buildActionMask = 2147483647;
			files = (
				278E1A8B1E9E27DB003CFA36 /* level2.txt in Resources */,
				2775E2EC1E9D50E200D73E75 /* LaunchScreen.storyboard in Resources */,
				278E1A8A1E9E27DB003CFA36 /* level1.txt in Resources */,
				2775E2E91E9D50E200D73E75 /* Assets.xcassets in Resources */,
				2775E2E71E9D50E200D73E75 /* Main.storyboard in Resources */,
			);
			runOnlyForDeploymentPostprocessing = 0;
		};
/* End PBXResourcesBuildPhase section */

/* Begin PBXSourcesBuildPhase section */
		2775E2DA1E9D50E200D73E75 /* Sources */ = {
			isa = PBXSourcesBuildPhase;
			buildActionMask = 2147483647;
			files = (
				2775E2E41E9D50E200D73E75 /* ViewController.swift in Sources */,
				2775E2E21E9D50E200D73E75 /* AppDelegate.swift in Sources */,
			);
			runOnlyForDeploymentPostprocessing = 0;
		};
/* End PBXSourcesBuildPhase section */

/* Begin PBXVariantGroup section */
		2775E2E51E9D50E200D73E75 /* Main.storyboard */ = {
			isa = PBXVariantGroup;
			children = (
				2775E2E61E9D50E200D73E75 /* Base */,
			);
			name = Main.storyboard;
			sourceTree = "<group>";
		};
		2775E2EA1E9D50E200D73E75 /* LaunchScreen.storyboard */ = {
			isa = PBXVariantGroup;
			children = (
				2775E2EB1E9D50E200D73E75 /* Base */,
			);
			name = LaunchScreen.storyboard;
			sourceTree = "<group>";
		};
/* End PBXVariantGroup section */

/* Begin XCBuildConfiguration section */
		2775E2EE1E9D50E200D73E75 /* Debug */ = {
			isa = XCBuildConfiguration;
			buildSettings = {
				ALWAYS_SEARCH_USER_PATHS = NO;
				CLANG_ANALYZER_NONNULL = YES;
				CLANG_ANALYZER_NUMBER_OBJECT_CONVERSION = YES_AGGRESSIVE;
				CLANG_CXX_LANGUAGE_STANDARD = "gnu++0x";
				CLANG_CXX_LIBRARY = "libc++";
				CLANG_ENABLE_MODULES = YES;
				CLANG_ENABLE_OBJC_ARC = YES;
				CLANG_WARN_BOOL_CONVERSION = YES;
				CLANG_WARN_CONSTANT_CONVERSION = YES;
				CLANG_WARN_DIRECT_OBJC_ISA_USAGE = YES_ERROR;
				CLANG_WARN_DOCUMENTATION_COMMENTS = YES;
				CLANG_WARN_EMPTY_BODY = YES;
				CLANG_WARN_ENUM_CONVERSION = YES;
				CLANG_WARN_INFINITE_RECURSION = YES;
				CLANG_WARN_INT_CONVERSION = YES;
				CLANG_WARN_OBJC_ROOT_CLASS = YES_ERROR;
				CLANG_WARN_SUSPICIOUS_MOVE = YES;
				CLANG_WARN_UNREACHABLE_CODE = YES;
				CLANG_WARN__DUPLICATE_METHOD_MATCH = YES;
				"CODE_SIGN_IDENTITY[sdk=iphoneos*]" = "iPhone Developer";
				COPY_PHASE_STRIP = NO;
				DEBUG_INFORMATION_FORMAT = dwarf;
				ENABLE_STRICT_OBJC_MSGSEND = YES;
				ENABLE_TESTABILITY = YES;
				GCC_C_LANGUAGE_STANDARD = gnu99;
				GCC_DYNAMIC_NO_PIC = NO;
				GCC_NO_COMMON_BLOCKS = YES;
				GCC_OPTIMIZATION_LEVEL = 0;
				GCC_PREPROCESSOR_DEFINITIONS = (
					"DEBUG=1",
					"$(inherited)",
				);
				GCC_WARN_64_TO_32_BIT_CONVERSION = YES;
				GCC_WARN_ABOUT_RETURN_TYPE = YES_ERROR;
				GCC_WARN_UNDECLARED_SELECTOR = YES;
				GCC_WARN_UNINITIALIZED_AUTOS = YES_AGGRESSIVE;
				GCC_WARN_UNUSED_FUNCTION = YES;
				GCC_WARN_UNUSED_VARIABLE = YES;
				IPHONEOS_DEPLOYMENT_TARGET = 10.3;
				MTL_ENABLE_DEBUG_INFO = YES;
				ONLY_ACTIVE_ARCH = YES;
				SDKROOT = iphoneos;
				SWIFT_ACTIVE_COMPILATION_CONDITIONS = DEBUG;
				SWIFT_OPTIMIZATION_LEVEL = "-Onone";
			};
			name = Debug;
		};
		2775E2EF1E9D50E200D73E75 /* Release */ = {
			isa = XCBuildConfiguration;
			buildSettings = {
				ALWAYS_SEARCH_USER_PATHS = NO;
				CLANG_ANALYZER_NONNULL = YES;
				CLANG_ANALYZER_NUMBER_OBJECT_CONVERSION = YES_AGGRESSIVE;
				CLANG_CXX_LANGUAGE_STANDARD = "gnu++0x";
				CLANG_CXX_LIBRARY = "libc++";
				CLANG_ENABLE_MODULES = YES;
				CLANG_ENABLE_OBJC_ARC = YES;
				CLANG_WARN_BOOL_CONVERSION = YES;
				CLANG_WARN_CONSTANT_CONVERSION = YES;
				CLANG_WARN_DIRECT_OBJC_ISA_USAGE = YES_ERROR;
				CLANG_WARN_DOCUMENTATION_COMMENTS = YES;
				CLANG_WARN_EMPTY_BODY = YES;
				CLANG_WARN_ENUM_CONVERSION = YES;
				CLANG_WARN_INFINITE_RECURSION = YES;
				CLANG_WARN_INT_CONVERSION = YES;
				CLANG_WARN_OBJC_ROOT_CLASS = YES_ERROR;
				CLANG_WARN_SUSPICIOUS_MOVE = YES;
				CLANG_WARN_UNREACHABLE_CODE = YES;
				CLANG_WARN__DUPLICATE_METHOD_MATCH = YES;
				"CODE_SIGN_IDENTITY[sdk=iphoneos*]" = "iPhone Developer";
				COPY_PHASE_STRIP = NO;
				DEBUG_INFORMATION_FORMAT = "dwarf-with-dsym";
				ENABLE_NS_ASSERTIONS = NO;
				ENABLE_STRICT_OBJC_MSGSEND = YES;
				GCC_C_LANGUAGE_STANDARD = gnu99;
				GCC_NO_COMMON_BLOCKS = YES;
				GCC_WARN_64_TO_32_BIT_CONVERSION = YES;
				GCC_WARN_ABOUT_RETURN_TYPE = YES_ERROR;
				GCC_WARN_UNDECLARED_SELECTOR = YES;
				GCC_WARN_UNINITIALIZED_AUTOS = YES_AGGRESSIVE;
				GCC_WARN_UNUSED_FUNCTION = YES;
				GCC_WARN_UNUSED_VARIABLE = YES;
				IPHONEOS_DEPLOYMENT_TARGET = 10.3;
				MTL_ENABLE_DEBUG_INFO = NO;
				SDKROOT = iphoneos;
				SWIFT_OPTIMIZATION_LEVEL = "-Owholemodule";
				VALIDATE_PRODUCT = YES;
			};
			name = Release;
		};
		2775E2F11E9D50E200D73E75 /* Debug */ = {
			isa = XCBuildConfiguration;
			buildSettings = {
				ASSETCATALOG_COMPILER_APPICON_NAME = AppIcon;
				DEVELOPMENT_TEAM = 4WU9L65MXB;
				INFOPLIST_FILE = Project8/Info.plist;
				LD_RUNPATH_SEARCH_PATHS = "$(inherited) @executable_path/Frameworks";
				PRODUCT_BUNDLE_IDENTIFIER = "com.Chappy-App.Project8";
				PRODUCT_NAME = "$(TARGET_NAME)";
				SWIFT_VERSION = 3.0;
				TARGETED_DEVICE_FAMILY = 2;
			};
			name = Debug;
		};
		2775E2F21E9D50E200D73E75 /* Release */ = {
			isa = XCBuildConfiguration;
			buildSettings = {
				ASSETCATALOG_COMPILER_APPICON_NAME = AppIcon;
				DEVELOPMENT_TEAM = 4WU9L65MXB;
				INFOPLIST_FILE = Project8/Info.plist;
				LD_RUNPATH_SEARCH_PATHS = "$(inherited) @executable_path/Frameworks";
				PRODUCT_BUNDLE_IDENTIFIER = "com.Chappy-App.Project8";
				PRODUCT_NAME = "$(TARGET_NAME)";
				SWIFT_VERSION = 3.0;
				TARGETED_DEVICE_FAMILY = 2;
			};
			name = Release;
		};
/* End XCBuildConfiguration section */

/* Begin XCConfigurationList section */
		2775E2D91E9D50E200D73E75 /* Build configuration list for PBXProject "Project8" */ = {
			isa = XCConfigurationList;
			buildConfigurations = (
				2775E2EE1E9D50E200D73E75 /* Debug */,
				2775E2EF1E9D50E200D73E75 /* Release */,
			);
			defaultConfigurationIsVisible = 0;
			defaultConfigurationName = Release;
		};
		2775E2F01E9D50E200D73E75 /* Build configuration list for PBXNativeTarget "Project8" */ = {
			isa = XCConfigurationList;
			buildConfigurations = (
				2775E2F11E9D50E200D73E75 /* Debug */,
				2775E2F21E9D50E200D73E75 /* Release */,
			);
			defaultConfigurationIsVisible = 0;
			defaultConfigurationName = Release;
		};
/* End XCConfigurationList section */
	};
	rootObject = 2775E2D61E9D50E200D73E75 /* Project object */;
}
